
Microsoft Visual Studio Solution File, Format Version 12.00
# Visual Studio 15
VisualStudioVersion = 15.0.27130.2024
MinimumVisualStudioVersion = 10.0.40219.1
Project("{FAE04EC0-301F-11D3-BF4B-00C04F79EFBC}") = "YouSee.Android", "YouSee\YouSee.Android\YouSee.Android.csproj", "{50DD0DAD-E34F-4877-8FF9-08411DF28896}"
EndProject
Project("{FAE04EC0-301F-11D3-BF4B-00C04F79EFBC}") = "YouSee.iOS", "YouSee\YouSee.iOS\YouSee.iOS.csproj", "{68E6E2D9-2C79-4031-B491-C5A1C1B171B9}"
EndProject
Project("{FAE04EC0-301F-11D3-BF4B-00C04F79EFBC}") = "YouSee.UWP", "YouSee\YouSee.UWP\YouSee.UWP.csproj", "{C1CF5EF4-B496-478C-9F4B-D45C82D342E6}"
EndProject
Project("{FAE04EC0-301F-11D3-BF4B-00C04F79EFBC}") = "YouSee", "YouSee\YouSee\YouSee.csproj", "{856F82CC-DBDC-4996-A770-4C7638EEAAC2}"
EndProject
Global
	GlobalSection(SolutionConfigurationPlatforms) = preSolution
		Ad-Hoc|Any CPU = Ad-Hoc|Any CPU
		Ad-Hoc|ARM = Ad-Hoc|ARM
		Ad-Hoc|iPhone = Ad-Hoc|iPhone
		Ad-Hoc|iPhoneSimulator = Ad-Hoc|iPhoneSimulator
		Ad-Hoc|x64 = Ad-Hoc|x64
		Ad-Hoc|x86 = Ad-Hoc|x86
		AppStore|Any CPU = AppStore|Any CPU
		AppStore|ARM = AppStore|ARM
		AppStore|iPhone = AppStore|iPhone
		AppStore|iPhoneSimulator = AppStore|iPhoneSimulator
		AppStore|x64 = AppStore|x64
		AppStore|x86 = AppStore|x86
		Debug|Any CPU = Debug|Any CPU
		Debug|ARM = Debug|ARM
		Debug|iPhone = Debug|iPhone
		Debug|iPhoneSimulator = Debug|iPhoneSimulator
		Debug|x64 = Debug|x64
		Debug|x86 = Debug|x86
		Release|Any CPU = Release|Any CPU
		Release|ARM = Release|ARM
		Release|iPhone = Release|iPhone
		Release|iPhoneSimulator = Release|iPhoneSimulator
		Release|x64 = Release|x64
		Release|x86 = Release|x86
	EndGlobalSection
	GlobalSection(ProjectConfigurationPlatforms) = postSolution
		{50DD0DAD-E34F-4877-8FF9-08411DF28896}.Ad-Hoc|Any CPU.ActiveCfg = Release|Any CPU
		{50DD0DAD-E34F-4877-8FF9-08411DF28896}.Ad-Hoc|Any CPU.Build.0 = Release|Any CPU
		{50DD0DAD-E34F-4877-8FF9-08411DF28896}.Ad-Hoc|Any CPU.Deploy.0 = Release|Any CPU
		{50DD0DAD-E34F-4877-8FF9-08411DF28896}.Ad-Hoc|ARM.ActiveCfg = Release|Any CPU
		{50DD0DAD-E34F-4877-8FF9-08411DF28896}.Ad-Hoc|ARM.Build.0 = Release|Any CPU
		{50DD0DAD-E34F-4877-8FF9-08411DF28896}.Ad-Hoc|ARM.Deploy.0 = Release|Any CPU
		{50DD0DAD-E34F-4877-8FF9-08411DF28896}.Ad-Hoc|iPhone.ActiveCfg = Release|Any CPU
		{50DD0DAD-E34F-4877-8FF9-08411DF28896}.Ad-Hoc|iPhone.Build.0 = Release|Any CPU
		{50DD0DAD-E34F-4877-8FF9-08411DF28896}.Ad-Hoc|iPhone.Deploy.0 = Release|Any CPU
		{50DD0DAD-E34F-4877-8FF9-08411DF28896}.Ad-Hoc|iPhoneSimulator.ActiveCfg = Release|Any CPU
		{50DD0DAD-E34F-4877-8FF9-08411DF28896}.Ad-Hoc|iPhoneSimulator.Build.0 = Release|Any CPU
		{50DD0DAD-E34F-4877-8FF9-08411DF28896}.Ad-Hoc|iPhoneSimulator.Deploy.0 = Release|Any CPU
		{50DD0DAD-E34F-4877-8FF9-08411DF28896}.Ad-Hoc|x64.ActiveCfg = Release|Any CPU
		{50DD0DAD-E34F-4877-8FF9-08411DF28896}.Ad-Hoc|x64.Build.0 = Release|Any CPU
		{50DD0DAD-E34F-4877-8FF9-08411DF28896}.Ad-Hoc|x64.Deploy.0 = Release|Any CPU
		{50DD0DAD-E34F-4877-8FF9-08411DF28896}.Ad-Hoc|x86.ActiveCfg = Release|Any CPU
		{50DD0DAD-E34F-4877-8FF9-08411DF28896}.Ad-Hoc|x86.Build.0 = Release|Any CPU
		{50DD0DAD-E34F-4877-8FF9-08411DF28896}.Ad-Hoc|x86.Deploy.0 = Release|Any CPU
		{50DD0DAD-E34F-4877-8FF9-08411DF28896}.AppStore|Any CPU.ActiveCfg = Release|Any CPU
		{50DD0DAD-E34F-4877-8FF9-08411DF28896}.AppStore|Any CPU.Build.0 = Release|Any CPU
		{50DD0DAD-E34F-4877-8FF9-08411DF28896}.AppStore|Any CPU.Deploy.0 = Release|Any CPU
		{50DD0DAD-E34F-4877-8FF9-08411DF28896}.AppStore|ARM.ActiveCfg = Release|Any CPU
		{50DD0DAD-E34F-4877-8FF9-08411DF28896}.AppStore|ARM.Build.0 = Release|Any CPU
		{50DD0DAD-E34F-4877-8FF9-08411DF28896}.AppStore|ARM.Deploy.0 = Release|Any CPU
		{50DD0DAD-E34F-4877-8FF9-08411DF28896}.AppStore|iPhone.ActiveCfg = Release|Any CPU
		{50DD0DAD-E34F-4877-8FF9-08411DF28896}.AppStore|iPhone.Build.0 = Release|Any CPU
		{50DD0DAD-E34F-4877-8FF9-08411DF28896}.AppStore|iPhone.Deploy.0 = Release|Any CPU
		{50DD0DAD-E34F-4877-8FF9-08411DF28896}.AppStore|iPhoneSimulator.ActiveCfg = Release|Any CPU
		{50DD0DAD-E34F-4877-8FF9-08411DF28896}.AppStore|iPhoneSimulator.Build.0 = Release|Any CPU
		{50DD0DAD-E34F-4877-8FF9-08411DF28896}.AppStore|iPhoneSimulator.Deploy.0 = Release|Any CPU
		{50DD0DAD-E34F-4877-8FF9-08411DF28896}.AppStore|x64.ActiveCfg = Release|Any CPU
		{50DD0DAD-E34F-4877-8FF9-08411DF28896}.AppStore|x64.Build.0 = Release|Any CPU
		{50DD0DAD-E34F-4877-8FF9-08411DF28896}.AppStore|x64.Deploy.0 = Release|Any CPU
		{50DD0DAD-E34F-4877-8FF9-08411DF28896}.AppStore|x86.ActiveCfg = Release|Any CPU
		{50DD0DAD-E34F-4877-8FF9-08411DF28896}.AppStore|x86.Build.0 = Release|Any CPU
		{50DD0DAD-E34F-4877-8FF9-08411DF28896}.AppStore|x86.Deploy.0 = Release|Any CPU
		{50DD0DAD-E34F-4877-8FF9-08411DF28896}.Debug|Any CPU.ActiveCfg = Debug|Any CPU
		{50DD0DAD-E34F-4877-8FF9-08411DF28896}.Debug|Any CPU.Build.0 = Debug|Any CPU
		{50DD0DAD-E34F-4877-8FF9-08411DF28896}.Debug|Any CPU.Deploy.0 = Debug|Any CPU
		{50DD0DAD-E34F-4877-8FF9-08411DF28896}.Debug|ARM.ActiveCfg = Debug|Any CPU
		{50DD0DAD-E34F-4877-8FF9-08411DF28896}.Debug|ARM.Build.0 = Debug|Any CPU
		{50DD0DAD-E34F-4877-8FF9-08411DF28896}.Debug|ARM.Deploy.0 = Debug|Any CPU
		{50DD0DAD-E34F-4877-8FF9-08411DF28896}.Debug|iPhone.ActiveCfg = Debug|Any CPU
		{50DD0DAD-E34F-4877-8FF9-08411DF28896}.Debug|iPhone.Build.0 = Debug|Any CPU
		{50DD0DAD-E34F-4877-8FF9-08411DF28896}.Debug|iPhone.Deploy.0 = Debug|Any CPU
		{50DD0DAD-E34F-4877-8FF9-08411DF28896}.Debug|iPhoneSimulator.ActiveCfg = Debug|Any CPU
		{50DD0DAD-E34F-4877-8FF9-08411DF28896}.Debug|iPhoneSimulator.Build.0 = Debug|Any CPU
		{50DD0DAD-E34F-4877-8FF9-08411DF28896}.Debug|iPhoneSimulator.Deploy.0 = Debug|Any CPU
		{50DD0DAD-E34F-4877-8FF9-08411DF28896}.Debug|x64.ActiveCfg = Debug|Any CPU
		{50DD0DAD-E34F-4877-8FF9-08411DF28896}.Debug|x64.Build.0 = Debug|Any CPU
		{50DD0DAD-E34F-4877-8FF9-08411DF28896}.Debug|x64.Deploy.0 = Debug|Any CPU
		{50DD0DAD-E34F-4877-8FF9-08411DF28896}.Debug|x86.ActiveCfg = Debug|Any CPU
		{50DD0DAD-E34F-4877-8FF9-08411DF28896}.Debug|x86.Build.0 = Debug|Any CPU
		{50DD0DAD-E34F-4877-8FF9-08411DF28896}.Debug|x86.Deploy.0 = Debug|Any CPU
		{50DD0DAD-E34F-4877-8FF9-08411DF28896}.Release|Any CPU.ActiveCfg = Release|Any CPU
		{50DD0DAD-E34F-4877-8FF9-08411DF28896}.Release|Any CPU.Build.0 = Release|Any CPU
		{50DD0DAD-E34F-4877-8FF9-08411DF28896}.Release|Any CPU.Deploy.0 = Release|Any CPU
		{50DD0DAD-E34F-4877-8FF9-08411DF28896}.Release|ARM.ActiveCfg = Release|Any CPU
		{50DD0DAD-E34F-4877-8FF9-08411DF28896}.Release|ARM.Build.0 = Release|Any CPU
		{50DD0DAD-E34F-4877-8FF9-08411DF28896}.Release|ARM.Deploy.0 = Release|Any CPU
		{50DD0DAD-E34F-4877-8FF9-08411DF28896}.Release|iPhone.ActiveCfg = Release|Any CPU
		{50DD0DAD-E34F-4877-8FF9-08411DF28896}.Release|iPhone.Build.0 = Release|Any CPU
		{50DD0DAD-E34F-4877-8FF9-08411DF28896}.Release|iPhone.Deploy.0 = Release|Any CPU
		{50DD0DAD-E34F-4877-8FF9-08411DF28896}.Release|iPhoneSimulator.ActiveCfg = Release|Any CPU
		{50DD0DAD-E34F-4877-8FF9-08411DF28896}.Release|iPhoneSimulator.Build.0 = Release|Any CPU
		{50DD0DAD-E34F-4877-8FF9-08411DF28896}.Release|iPhoneSimulator.Deploy.0 = Release|Any CPU
		{50DD0DAD-E34F-4877-8FF9-08411DF28896}.Release|x64.ActiveCfg = Release|Any CPU
		{50DD0DAD-E34F-4877-8FF9-08411DF28896}.Release|x64.Build.0 = Release|Any CPU
		{50DD0DAD-E34F-4877-8FF9-08411DF28896}.Release|x64.Deploy.0 = Release|Any CPU
		{50DD0DAD-E34F-4877-8FF9-08411DF28896}.Release|x86.ActiveCfg = Release|Any CPU
		{50DD0DAD-E34F-4877-8FF9-08411DF28896}.Release|x86.Build.0 = Release|Any CPU
		{50DD0DAD-E34F-4877-8FF9-08411DF28896}.Release|x86.Deploy.0 = Release|Any CPU
		{68E6E2D9-2C79-4031-B491-C5A1C1B171B9}.Ad-Hoc|Any CPU.ActiveCfg = Ad-Hoc|iPhone
		{68E6E2D9-2C79-4031-B491-C5A1C1B171B9}.Ad-Hoc|ARM.ActiveCfg = Ad-Hoc|iPhone
		{68E6E2D9-2C79-4031-B491-C5A1C1B171B9}.Ad-Hoc|iPhone.ActiveCfg = Ad-Hoc|iPhone
		{68E6E2D9-2C79-4031-B491-C5A1C1B171B9}.Ad-Hoc|iPhone.Build.0 = Ad-Hoc|iPhone
		{68E6E2D9-2C79-4031-B491-C5A1C1B171B9}.Ad-Hoc|iPhoneSimulator.ActiveCfg = Ad-Hoc|iPhoneSimulator
		{68E6E2D9-2C79-4031-B491-C5A1C1B171B9}.Ad-Hoc|iPhoneSimulator.Build.0 = Ad-Hoc|iPhoneSimulator
		{68E6E2D9-2C79-4031-B491-C5A1C1B171B9}.Ad-Hoc|x64.ActiveCfg = Ad-Hoc|iPhone
		{68E6E2D9-2C79-4031-B491-C5A1C1B171B9}.Ad-Hoc|x86.ActiveCfg = Ad-Hoc|iPhone
		{68E6E2D9-2C79-4031-B491-C5A1C1B171B9}.AppStore|Any CPU.ActiveCfg = AppStore|iPhone
		{68E6E2D9-2C79-4031-B491-C5A1C1B171B9}.AppStore|ARM.ActiveCfg = AppStore|iPhone
		{68E6E2D9-2C79-4031-B491-C5A1C1B171B9}.AppStore|iPhone.ActiveCfg = AppStore|iPhone
		{68E6E2D9-2C79-4031-B491-C5A1C1B171B9}.AppStore|iPhone.Build.0 = AppStore|iPhone
		{68E6E2D9-2C79-4031-B491-C5A1C1B171B9}.AppStore|iPhoneSimulator.ActiveCfg = AppStore|iPhoneSimulator
		{68E6E2D9-2C79-4031-B491-C5A1C1B171B9}.AppStore|iPhoneSimulator.Build.0 = AppStore|iPhoneSimulator
		{68E6E2D9-2C79-4031-B491-C5A1C1B171B9}.AppStore|x64.ActiveCfg = AppStore|iPhone
		{68E6E2D9-2C79-4031-B491-C5A1C1B171B9}.AppStore|x86.ActiveCfg = AppStore|iPhone
		{68E6E2D9-2C79-4031-B491-C5A1C1B171B9}.Debug|Any CPU.ActiveCfg = Debug|iPhone
		{68E6E2D9-2C79-4031-B491-C5A1C1B171B9}.Debug|ARM.ActiveCfg = Debug|iPhone
		{68E6E2D9-2C79-4031-B491-C5A1C1B171B9}.Debug|iPhone.ActiveCfg = Debug|iPhone
		{68E6E2D9-2C79-4031-B491-C5A1C1B171B9}.Debug|iPhone.Build.0 = Debug|iPhone
		{68E6E2D9-2C79-4031-B491-C5A1C1B171B9}.Debug|iPhoneSimulator.ActiveCfg = Debug|iPhoneSimulator
		{68E6E2D9-2C79-4031-B491-C5A1C1B171B9}.Debug|iPhoneSimulator.Build.0 = Debug|iPhoneSimulator
		{68E6E2D9-2C79-4031-B491-C5A1C1B171B9}.Debug|x64.ActiveCfg = Debug|iPhone
		{68E6E2D9-2C79-4031-B491-C5A1C1B171B9}.Debug|x86.ActiveCfg = Debug|iPhone
		{68E6E2D9-2C79-4031-B491-C5A1C1B171B9}.Release|Any CPU.ActiveCfg = Release|iPhone
		{68E6E2D9-2C79-4031-B491-C5A1C1B171B9}.Release|ARM.ActiveCfg = Release|iPhone
		{68E6E2D9-2C79-4031-B491-C5A1C1B171B9}.Release|iPhone.ActiveCfg = Release|iPhone
		{68E6E2D9-2C79-4031-B491-C5A1C1B171B9}.Release|iPhone.Build.0 = Release|iPhone
		{68E6E2D9-2C79-4031-B491-C5A1C1B171B9}.Release|iPhoneSimulator.ActiveCfg = Release|iPhoneSimulator
		{68E6E2D9-2C79-4031-B491-C5A1C1B171B9}.Release|iPhoneSimulator.Build.0 = Release|iPhoneSimulator
		{68E6E2D9-2C79-4031-B491-C5A1C1B171B9}.Release|x64.ActiveCfg = Release|iPhone
		{68E6E2D9-2C79-4031-B491-C5A1C1B171B9}.Release|x86.ActiveCfg = Release|iPhone
		{C1CF5EF4-B496-478C-9F4B-D45C82D342E6}.Ad-Hoc|Any CPU.ActiveCfg = Release|x86
		{C1CF5EF4-B496-478C-9F4B-D45C82D342E6}.Ad-Hoc|Any CPU.Build.0 = Release|x86
		{C1CF5EF4-B496-478C-9F4B-D45C82D342E6}.Ad-Hoc|Any CPU.Deploy.0 = Release|x86
		{C1CF5EF4-B496-478C-9F4B-D45C82D342E6}.Ad-Hoc|ARM.ActiveCfg = Release|ARM
		{C1CF5EF4-B496-478C-9F4B-D45C82D342E6}.Ad-Hoc|ARM.Build.0 = Release|ARM
		{C1CF5EF4-B496-478C-9F4B-D45C82D342E6}.Ad-Hoc|ARM.Deploy.0 = Release|ARM
		{C1CF5EF4-B496-478C-9F4B-D45C82D342E6}.Ad-Hoc|iPhone.ActiveCfg = Release|x86
		{C1CF5EF4-B496-478C-9F4B-D45C82D342E6}.Ad-Hoc|iPhone.Build.0 = Release|x86
		{C1CF5EF4-B496-478C-9F4B-D45C82D342E6}.Ad-Hoc|iPhone.Deploy.0 = Release|x86
		{C1CF5EF4-B496-478C-9F4B-D45C82D342E6}.Ad-Hoc|iPhoneSimulator.ActiveCfg = Release|x86
		{C1CF5EF4-B496-478C-9F4B-D45C82D342E6}.Ad-Hoc|iPhoneSimulator.Build.0 = Release|x86
		{C1CF5EF4-B496-478C-9F4B-D45C82D342E6}.Ad-Hoc|iPhoneSimulator.Deploy.0 = Release|x86
		{C1CF5EF4-B496-478C-9F4B-D45C82D342E6}.Ad-Hoc|x64.ActiveCfg = Release|x64
		{C1CF5EF4-B496-478C-9F4B-D45C82D342E6}.Ad-Hoc|x64.Build.0 = Release|x64
		{C1CF5EF4-B496-478C-9F4B-D45C82D342E6}.Ad-Hoc|x64.Deploy.0 = Release|x64
		{C1CF5EF4-B496-478C-9F4B-D45C82D342E6}.Ad-Hoc|x86.ActiveCfg = Release|x86
		{C1CF5EF4-B496-478C-9F4B-D45C82D342E6}.Ad-Hoc|x86.Build.0 = Release|x86
		{C1CF5EF4-B496-478C-9F4B-D45C82D342E6}.Ad-Hoc|x86.Deploy.0 = Release|x86
		{C1CF5EF4-B496-478C-9F4B-D45C82D342E6}.AppStore|Any CPU.ActiveCfg = Release|x86
		{C1CF5EF4-B496-478C-9F4B-D45C82D342E6}.AppStore|Any CPU.Build.0 = Release|x86
		{C1CF5EF4-B496-478C-9F4B-D45C82D342E6}.AppStore|Any CPU.Deploy.0 = Release|x86
		{C1CF5EF4-B496-478C-9F4B-D45C82D342E6}.AppStore|ARM.ActiveCfg = Release|ARM
		{C1CF5EF4-B496-478C-9F4B-D45C82D342E6}.AppStore|ARM.Build.0 = Release|ARM
		{C1CF5EF4-B496-478C-9F4B-D45C82D342E6}.AppStore|ARM.Deploy.0 = Release|ARM
		{C1CF5EF4-B496-478C-9F4B-D45C82D342E6}.AppStore|iPhone.ActiveCfg = Release|x86
		{C1CF5EF4-B496-478C-9F4B-D45C82D342E6}.AppStore|iPhone.Build.0 = Release|x86
		{C1CF5EF4-B496-478C-9F4B-D45C82D342E6}.AppStore|iPhone.Deploy.0 = Release|x86
		{C1CF5EF4-B496-478C-9F4B-D45C82D342E6}.AppStore|iPhoneSimulator.ActiveCfg = Release|x86
		{C1CF5EF4-B496-478C-9F4B-D45C82D342E6}.AppStore|iPhoneSimulator.Build.0 = Release|x86
		{C1CF5EF4-B496-478C-9F4B-D45C82D342E6}.AppStore|iPhoneSimulator.Deploy.0 = Release|x86
		{C1CF5EF4-B496-478C-9F4B-D45C82D342E6}.AppStore|x64.ActiveCfg = Release|x64
		{C1CF5EF4-B496-478C-9F4B-D45C82D342E6}.AppStore|x64.Build.0 = Release|x64
		{C1CF5EF4-B496-478C-9F4B-D45C82D342E6}.AppStore|x64.Deploy.0 = Release|x64
		{C1CF5EF4-B496-478C-9F4B-D45C82D342E6}.AppStore|x86.ActiveCfg = Release|x86
		{C1CF5EF4-B496-478C-9F4B-D45C82D342E6}.AppStore|x86.Build.0 = Release|x86
		{C1CF5EF4-B496-478C-9F4B-D45C82D342E6}.AppStore|x86.Deploy.0 = Release|x86
		{C1CF5EF4-B496-478C-9F4B-D45C82D342E6}.Debug|Any CPU.ActiveCfg = Debug|x86
		{C1CF5EF4-B496-478C-9F4B-D45C82D342E6}.Debug|ARM.ActiveCfg = Debug|ARM
		{C1CF5EF4-B496-478C-9F4B-D45C82D342E6}.Debug|ARM.Build.0 = Debug|ARM
		{C1CF5EF4-B496-478C-9F4B-D45C82D342E6}.Debug|ARM.Deploy.0 = Debug|ARM
		{C1CF5EF4-B496-478C-9F4B-D45C82D342E6}.Debug|iPhone.ActiveCfg = Debug|x86
		{C1CF5EF4-B496-478C-9F4B-D45C82D342E6}.Debug|iPhoneSimulator.ActiveCfg = Debug|x86
		{C1CF5EF4-B496-478C-9F4B-D45C82D342E6}.Debug|x64.ActiveCfg = Debug|x64
		{C1CF5EF4-B496-478C-9F4B-D45C82D342E6}.Debug|x64.Build.0 = Debug|x64
		{C1CF5EF4-B496-478C-9F4B-D45C82D342E6}.Debug|x64.Deploy.0 = Debug|x64
		{C1CF5EF4-B496-478C-9F4B-D45C82D342E6}.Debug|x86.ActiveCfg = Debug|x86
		{C1CF5EF4-B496-478C-9F4B-D45C82D342E6}.Debug|x86.Build.0 = Debug|x86
		{C1CF5EF4-B496-478C-9F4B-D45C82D342E6}.Debug|x86.Deploy.0 = Debug|x86
		{C1CF5EF4-B496-478C-9F4B-D45C82D342E6}.Release|Any CPU.ActiveCfg = Release|x86
		{C1CF5EF4-B496-478C-9F4B-D45C82D342E6}.Release|ARM.ActiveCfg = Release|ARM
		{C1CF5EF4-B496-478C-9F4B-D45C82D342E6}.Release|ARM.Build.0 = Release|ARM
		{C1CF5EF4-B496-478C-9F4B-D45C82D342E6}.Release|ARM.Deploy.0 = Release|ARM
		{C1CF5EF4-B496-478C-9F4B-D45C82D342E6}.Release|iPhone.ActiveCfg = Release|x86
		{C1CF5EF4-B496-478C-9F4B-D45C82D342E6}.Release|iPhoneSimulator.ActiveCfg = Release|x86
		{C1CF5EF4-B496-478C-9F4B-D45C82D342E6}.Release|x64.ActiveCfg = Release|x64
		{C1CF5EF4-B496-478C-9F4B-D45C82D342E6}.Release|x64.Build.0 = Release|x64
		{C1CF5EF4-B496-478C-9F4B-D45C82D342E6}.Release|x64.Deploy.0 = Release|x64
		{C1CF5EF4-B496-478C-9F4B-D45C82D342E6}.Release|x86.ActiveCfg = Release|x86
		{C1CF5EF4-B496-478C-9F4B-D45C82D342E6}.Release|x86.Build.0 = Release|x86
		{C1CF5EF4-B496-478C-9F4B-D45C82D342E6}.Release|x86.Deploy.0 = Release|x86
		{856F82CC-DBDC-4996-A770-4C7638EEAAC2}.Ad-Hoc|Any CPU.ActiveCfg = Debug|Any CPU
		{856F82CC-DBDC-4996-A770-4C7638EEAAC2}.Ad-Hoc|Any CPU.Build.0 = Debug|Any CPU
		{856F82CC-DBDC-4996-A770-4C7638EEAAC2}.Ad-Hoc|ARM.ActiveCfg = Debug|Any CPU
		{856F82CC-DBDC-4996-A770-4C7638EEAAC2}.Ad-Hoc|ARM.Build.0 = Debug|Any CPU
		{856F82CC-DBDC-4996-A770-4C7638EEAAC2}.Ad-Hoc|iPhone.ActiveCfg = Debug|Any CPU
		{856F82CC-DBDC-4996-A770-4C7638EEAAC2}.Ad-Hoc|iPhone.Build.0 = Debug|Any CPU
		{856F82CC-DBDC-4996-A770-4C7638EEAAC2}.Ad-Hoc|iPhoneSimulator.ActiveCfg = Debug|Any CPU
		{856F82CC-DBDC-4996-A770-4C7638EEAAC2}.Ad-Hoc|iPhoneSimulator.Build.0 = Debug|Any CPU
		{856F82CC-DBDC-4996-A770-4C7638EEAAC2}.Ad-Hoc|x64.ActiveCfg = Debug|Any CPU
		{856F82CC-DBDC-4996-A770-4C7638EEAAC2}.Ad-Hoc|x64.Build.0 = Debug|Any CPU
		{856F82CC-DBDC-4996-A770-4C7638EEAAC2}.Ad-Hoc|x86.ActiveCfg = Debug|Any CPU
		{856F82CC-DBDC-4996-A770-4C7638EEAAC2}.Ad-Hoc|x86.Build.0 = Debug|Any CPU
		{856F82CC-DBDC-4996-A770-4C7638EEAAC2}.AppStore|Any CPU.ActiveCfg = Debug|Any CPU
		{856F82CC-DBDC-4996-A770-4C7638EEAAC2}.AppStore|Any CPU.Build.0 = Debug|Any CPU
		{856F82CC-DBDC-4996-A770-4C7638EEAAC2}.AppStore|ARM.ActiveCfg = Debug|Any CPU
		{856F82CC-DBDC-4996-A770-4C7638EEAAC2}.AppStore|ARM.Build.0 = Debug|Any CPU
		{856F82CC-DBDC-4996-A770-4C7638EEAAC2}.AppStore|iPhone.ActiveCfg = Debug|Any CPU
		{856F82CC-DBDC-4996-A770-4C7638EEAAC2}.AppStore|iPhone.Build.0 = Debug|Any CPU
		{856F82CC-DBDC-4996-A770-4C7638EEAAC2}.AppStore|iPhoneSimulator.ActiveCfg = Debug|Any CPU
		{856F82CC-DBDC-4996-A770-4C7638EEAAC2}.AppStore|iPhoneSimulator.Build.0 = Debug|Any CPU
		{856F82CC-DBDC-4996-A770-4C7638EEAAC2}.AppStore|x64.ActiveCfg = Debug|Any CPU
		{856F82CC-DBDC-4996-A770-4C7638EEAAC2}.AppStore|x64.Build.0 = Debug|Any CPU
		{856F82CC-DBDC-4996-A770-4C7638EEAAC2}.AppStore|x86.ActiveCfg = Debug|Any CPU
		{856F82CC-DBDC-4996-A770-4C7638EEAAC2}.AppStore|x86.Build.0 = Debug|Any CPU
		{856F82CC-DBDC-4996-A770-4C7638EEAAC2}.Debug|Any CPU.ActiveCfg = Debug|Any CPU
		{856F82CC-DBDC-4996-A770-4C7638EEAAC2}.Debug|Any CPU.Build.0 = Debug|Any CPU
		{856F82CC-DBDC-4996-A770-4C7638EEAAC2}.Debug|ARM.ActiveCfg = Debug|Any CPU
		{856F82CC-DBDC-4996-A770-4C7638EEAAC2}.Debug|ARM.Build.0 = Debug|Any CPU
		{856F82CC-DBDC-4996-A770-4C7638EEAAC2}.Debug|iPhone.ActiveCfg = Debug|Any CPU
		{856F82CC-DBDC-4996-A770-4C7638EEAAC2}.Debug|iPhone.Build.0 = Debug|Any CPU
		{856F82CC-DBDC-4996-A770-4C7638EEAAC2}.Debug|iPhoneSimulator.ActiveCfg = Debug|Any CPU
		{856F82CC-DBDC-4996-A770-4C7638EEAAC2}.Debug|iPhoneSimulator.Build.0 = Debug|Any CPU
		{856F82CC-DBDC-4996-A770-4C7638EEAAC2}.Debug|x64.ActiveCfg = Debug|Any CPU
		{856F82CC-DBDC-4996-A770-4C7638EEAAC2}.Debug|x64.Build.0 = Debug|Any CPU
		{856F82CC-DBDC-4996-A770-4C7638EEAAC2}.Debug|x86.ActiveCfg = Debug|Any CPU
		{856F82CC-DBDC-4996-A770-4C7638EEAAC2}.Debug|x86.Build.0 = Debug|Any CPU
		{856F82CC-DBDC-4996-A770-4C7638EEAAC2}.Release|Any CPU.ActiveCfg = Release|Any CPU
		{856F82CC-DBDC-4996-A770-4C7638EEAAC2}.Release|Any CPU.Build.0 = Release|Any CPU
		{856F82CC-DBDC-4996-A770-4C7638EEAAC2}.Release|ARM.ActiveCfg = Release|Any CPU
		{856F82CC-DBDC-4996-A770-4C7638EEAAC2}.Release|ARM.Build.0 = Release|Any CPU
		{856F82CC-DBDC-4996-A770-4C7638EEAAC2}.Release|iPhone.ActiveCfg = Release|Any CPU
		{856F82CC-DBDC-4996-A770-4C7638EEAAC2}.Release|iPhone.Build.0 = Release|Any CPU
		{856F82CC-DBDC-4996-A770-4C7638EEAAC2}.Release|iPhoneSimulator.ActiveCfg = Release|Any CPU
		{856F82CC-DBDC-4996-A770-4C7638EEAAC2}.Release|iPhoneSimulator.Build.0 = Release|Any CPU
		{856F82CC-DBDC-4996-A770-4C7638EEAAC2}.Release|x64.ActiveCfg = Release|Any CPU
		{856F82CC-DBDC-4996-A770-4C7638EEAAC2}.Release|x64.Build.0 = Release|Any CPU
		{856F82CC-DBDC-4996-A770-4C7638EEAAC2}.Release|x86.ActiveCfg = Release|Any CPU
		{856F82CC-DBDC-4996-A770-4C7638EEAAC2}.Release|x86.Build.0 = Release|Any CPU
	EndGlobalSection
	GlobalSection(SolutionProperties) = preSolution
		HideSolutionNode = FALSE
	EndGlobalSection
	GlobalSection(ExtensibilityGlobals) = postSolution
		SolutionGuid = {76621FA3-C9E7-4C82-B1B9-BA34651875B6}
	EndGlobalSection
EndGlobal
